PODS:
  - JSONModel (1.7.0)
  - RESideMenu (4.0.7)

DEPENDENCIES:
  - JSONModel
  - RESideMenu (~> 4.0.7)

SPEC CHECKSUMS:
  JSONModel: 840bc0fcffb24b8454d2c026bf26fea454b8e98d
  RESideMenu: f24c508404b49c667344c54aba7e590883533958

PODFILE CHECKSUM: b3e5c5b8ae8730f80dc1ad5ad30db9c0e6e5e886

COCOAPODS: 1.0.1
