// !$*UTF8*$!
{
	archiveVersion = 1;
	classes = {
	};
	objectVersion = 46;
	objects = {

/* Begin PBXBuildFile section */
		07EF88A2F39AC336D20DBB2B /* libPods-congress.a in Frameworks */ = {isa = PBXBuildFile; fileRef = B67B4FACAC558B1C4F70A1C5 /* libPods-congress.a */; };
		1439437E1DEA0DB800451A5A /* CommitteeDetailViewController.m in Sources */ = {isa = PBXBuildFile; fileRef = 1439437C1DEA0DB800451A5A /* CommitteeDetailViewController.m */; };
		1439437F1DEA0DB800451A5A /* CommitteeDetailViewController.xib in Resources */ = {isa = PBXBuildFile; fileRef = 1439437D1DEA0DB800451A5A /* CommitteeDetailViewController.xib */; };
		143943921DEA0DD400451A5A /* AboutViewController.m in Sources */ = {isa = PBXBuildFile; fileRef = 143943811DEA0DD400451A5A /* AboutViewController.m */; };
		143943931DEA0DD400451A5A /* BaseViewController.m in Sources */ = {isa = PBXBuildFile; fileRef = 143943831DEA0DD400451A5A /* BaseViewController.m */; };
		143943941DEA0DD400451A5A /* BillDetailViewController.m in Sources */ = {isa = PBXBuildFile; fileRef = 143943851DEA0DD400451A5A /* BillDetailViewController.m */; };
		143943951DEA0DD400451A5A /* BillDetailViewController.xib in Resources */ = {isa = PBXBuildFile; fileRef = 143943861DEA0DD400451A5A /* BillDetailViewController.xib */; };
		143943961DEA0DD400451A5A /* BillViewController.m in Sources */ = {isa = PBXBuildFile; fileRef = 143943881DEA0DD400451A5A /* BillViewController.m */; };
		143943971DEA0DD400451A5A /* CommitteeViewController.m in Sources */ = {isa = PBXBuildFile; fileRef = 1439438A1DEA0DD400451A5A /* CommitteeViewController.m */; };
		143943981DEA0DD400451A5A /* FavoriteViewController.m in Sources */ = {isa = PBXBuildFile; fileRef = 1439438C1DEA0DD400451A5A /* FavoriteViewController.m */; };
		143943991DEA0DD400451A5A /* LegislatorDetailViewController.m in Sources */ = {isa = PBXBuildFile; fileRef = 1439438E1DEA0DD400451A5A /* LegislatorDetailViewController.m */; };
		1439439A1DEA0DD400451A5A /* LegislatorDetailViewController.xib in Resources */ = {isa = PBXBuildFile; fileRef = 1439438F1DEA0DD400451A5A /* LegislatorDetailViewController.xib */; };
		1439439B1DEA0DD400451A5A /* LegislatorViewController.m in Sources */ = {isa = PBXBuildFile; fileRef = 143943911DEA0DD400451A5A /* LegislatorViewController.m */; };
		1494A60A1DDF9C0400E3282D /* LegislatorModel.m in Sources */ = {isa = PBXBuildFile; fileRef = 1494A6091DDF9C0400E3282D /* LegislatorModel.m */; };
		1494A60D1DDF9C2500E3282D /* BillModel.m in Sources */ = {isa = PBXBuildFile; fileRef = 1494A60C1DDF9C2500E3282D /* BillModel.m */; };
		1494A6101DDF9C3800E3282D /* CommitteeModel.m in Sources */ = {isa = PBXBuildFile; fileRef = 1494A60F1DDF9C3800E3282D /* CommitteeModel.m */; };
		1494A6311DDF9DE300E3282D /* BaseModel.m in Sources */ = {isa = PBXBuildFile; fileRef = 1494A6301DDF9DE300E3282D /* BaseModel.m */; };
		14A6AED41DE7875200EFD8BA /* BaseOperation.m in Sources */ = {isa = PBXBuildFile; fileRef = 14A6AED31DE7875200EFD8BA /* BaseOperation.m */; };
		14B759871DDF972B00F6AA29 /* main.m in Sources */ = {isa = PBXBuildFile; fileRef = 14B759861DDF972B00F6AA29 /* main.m */; };
		14B7598A1DDF972B00F6AA29 /* AppDelegate.m in Sources */ = {isa = PBXBuildFile; fileRef = 14B759891DDF972B00F6AA29 /* AppDelegate.m */; };
		14B759901DDF972B00F6AA29 /* Main.storyboard in Resources */ = {isa = PBXBuildFile; fileRef = 14B7598E1DDF972B00F6AA29 /* Main.storyboard */; };
		14B759921DDF972B00F6AA29 /* Assets.xcassets in Resources */ = {isa = PBXBuildFile; fileRef = 14B759911DDF972B00F6AA29 /* Assets.xcassets */; };
		14B759951DDF972B00F6AA29 /* LaunchScreen.storyboard in Resources */ = {isa = PBXBuildFile; fileRef = 14B759931DDF972B00F6AA29 /* LaunchScreen.storyboard */; };
		14B759A01DDF972B00F6AA29 /* congressTests.m in Sources */ = {isa = PBXBuildFile; fileRef = 14B7599F1DDF972B00F6AA29 /* congressTests.m */; };
		14B759AB1DDF972B00F6AA29 /* congressUITests.m in Sources */ = {isa = PBXBuildFile; fileRef = 14B759AA1DDF972B00F6AA29 /* congressUITests.m */; };
		14BC98201DE99AB30000AEDB /* GetLegislators.m in Sources */ = {isa = PBXBuildFile; fileRef = 14BC981F1DE99AB30000AEDB /* GetLegislators.m */; };
		14BC98231DE99AC80000AEDB /* GetBillls.m in Sources */ = {isa = PBXBuildFile; fileRef = 14BC98221DE99AC80000AEDB /* GetBillls.m */; };
		14BC98261DE99ADE0000AEDB /* GetCommittees.m in Sources */ = {isa = PBXBuildFile; fileRef = 14BC98251DE99ADE0000AEDB /* GetCommittees.m */; };
		14BC983C1DE99E500000AEDB /* BaseController.m in Sources */ = {isa = PBXBuildFile; fileRef = 14BC983B1DE99E500000AEDB /* BaseController.m */; };
		14BC98471DE99E650000AEDB /* BaseTableViewCell.m in Sources */ = {isa = PBXBuildFile; fileRef = 14BC983E1DE99E650000AEDB /* BaseTableViewCell.m */; };
		14BC98481DE99E650000AEDB /* BillTableViewCell.m in Sources */ = {isa = PBXBuildFile; fileRef = 14BC98401DE99E650000AEDB /* BillTableViewCell.m */; };
		14BC98491DE99E650000AEDB /* CommitteeTableViewCell.m in Sources */ = {isa = PBXBuildFile; fileRef = 14BC98421DE99E650000AEDB /* CommitteeTableViewCell.m */; };
		14BC984A1DE99E650000AEDB /* LeftMenuTableViewCell.m in Sources */ = {isa = PBXBuildFile; fileRef = 14BC98441DE99E650000AEDB /* LeftMenuTableViewCell.m */; };
		14BC984B1DE99E650000AEDB /* LegislatorTableViewCell.m in Sources */ = {isa = PBXBuildFile; fileRef = 14BC98461DE99E650000AEDB /* LegislatorTableViewCell.m */; };
		14BC98681DE99E7C0000AEDB /* BaseTableViewController.m in Sources */ = {isa = PBXBuildFile; fileRef = 14BC985F1DE99E7C0000AEDB /* BaseTableViewController.m */; };
		14BC98691DE99E7C0000AEDB /* BillTableViewController.m in Sources */ = {isa = PBXBuildFile; fileRef = 14BC98611DE99E7C0000AEDB /* BillTableViewController.m */; };
		14BC986A1DE99E7C0000AEDB /* CommitteeTableViewController.m in Sources */ = {isa = PBXBuildFile; fileRef = 14BC98631DE99E7C0000AEDB /* CommitteeTableViewController.m */; };
		14BC986B1DE99E7C0000AEDB /* LeftMenuTableViewController.m in Sources */ = {isa = PBXBuildFile; fileRef = 14BC98651DE99E7C0000AEDB /* LeftMenuTableViewController.m */; };
		14BC986C1DE99E7C0000AEDB /* LegislatorTableViewController.m in Sources */ = {isa = PBXBuildFile; fileRef = 14BC98671DE99E7C0000AEDB /* LegislatorTableViewController.m */; };
		14BC986F1DE99EC40000AEDB /* BaseWidgetController.m in Sources */ = {isa = PBXBuildFile; fileRef = 14BC986E1DE99EC40000AEDB /* BaseWidgetController.m */; };
		14BC98751DE9A4AB0000AEDB /* CategoryModel.m in Sources */ = {isa = PBXBuildFile; fileRef = 14BC98741DE9A4AB0000AEDB /* CategoryModel.m */; };
		14BC98791DE9B6A20000AEDB /* ImageDownload.m in Sources */ = {isa = PBXBuildFile; fileRef = 14BC98781DE9B6A20000AEDB /* ImageDownload.m */; };
		6A12AC84EC8F752B530F465D /* libPods-congressUITests.a in Frameworks */ = {isa = PBXBuildFile; fileRef = 08DD79A67B0CB9C4BC89D76E /* libPods-congressUITests.a */; };
		85FB89CD7BB25BC0E7A176BF /* libPods-congressTests.a in Frameworks */ = {isa = PBXBuildFile; fileRef = E0D98A7209F950F3C728C6D5 /* libPods-congressTests.a */; };
/* End PBXBuildFile section */

/* Begin PBXContainerItemProxy section */
		14B7599C1DDF972B00F6AA29 /* PBXContainerItemProxy */ = {
			isa = PBXContainerItemProxy;
			containerPortal = 14B7597A1DDF972A00F6AA29 /* Project object */;
			proxyType = 1;
			remoteGlobalIDString = 14B759811DDF972A00F6AA29;
			remoteInfo = congress;
		};
		14B759A71DDF972B00F6AA29 /* PBXContainerItemProxy */ = {
			isa = PBXContainerItemProxy;
			containerPortal = 14B7597A1DDF972A00F6AA29 /* Project object */;
			proxyType = 1;
			remoteGlobalIDString = 14B759811DDF972A00F6AA29;
			remoteInfo = congress;
		};
/* End PBXContainerItemProxy section */

/* Begin PBXFileReference section */
		08DD79A67B0CB9C4BC89D76E /* libPods-congressUITests.a */ = {isa = PBXFileReference; explicitFileType = archive.ar; includeInIndex = 0; path = "libPods-congressUITests.a"; sourceTree = BUILT_PRODUCTS_DIR; };
		1439437B1DEA0DB800451A5A /* CommitteeDetailViewController.h */ = {isa = PBXFileReference; fileEncoding = 4; lastKnownFileType = sourcecode.c.h; path = CommitteeDetailViewController.h; sourceTree = "<group>"; };
		1439437C1DEA0DB800451A5A /* CommitteeDetailViewController.m */ = {isa = PBXFileReference; fileEncoding = 4; lastKnownFileType = sourcecode.c.objc; path = CommitteeDetailViewController.m; sourceTree = "<group>"; };
		1439437D1DEA0DB800451A5A /* CommitteeDetailViewController.xib */ = {isa = PBXFileReference; fileEncoding = 4; lastKnownFileType = file.xib; path = CommitteeDetailViewController.xib; sourceTree = "<group>"; };
		143943801DEA0DD400451A5A /* AboutViewController.h */ = {isa = PBXFileReference; fileEncoding = 4; lastKnownFileType = sourcecode.c.h; path = AboutViewController.h; sourceTree = "<group>"; };
		143943811DEA0DD400451A5A /* AboutViewController.m */ = {isa = PBXFileReference; fileEncoding = 4; lastKnownFileType = sourcecode.c.objc; path = AboutViewController.m; sourceTree = "<group>"; };
		143943821DEA0DD400451A5A /* BaseViewController.h */ = {isa = PBXFileReference; fileEncoding = 4; lastKnownFileType = sourcecode.c.h; path = BaseViewController.h; sourceTree = "<group>"; };
		143943831DEA0DD400451A5A /* BaseViewController.m */ = {isa = PBXFileReference; fileEncoding = 4; lastKnownFileType = sourcecode.c.objc; path = BaseViewController.m; sourceTree = "<group>"; };
		143943841DEA0DD400451A5A /* BillDetailViewController.h */ = {isa = PBXFileReference; fileEncoding = 4; lastKnownFileType = sourcecode.c.h; path = BillDetailViewController.h; sourceTree = "<group>"; };
		143943851DEA0DD400451A5A /* BillDetailViewController.m */ = {isa = PBXFileReference; fileEncoding = 4; lastKnownFileType = sourcecode.c.objc; path = BillDetailViewController.m; sourceTree = "<group>"; };
		143943861DEA0DD400451A5A /* BillDetailViewController.xib */ = {isa = PBXFileReference; fileEncoding = 4; lastKnownFileType = file.xib; path = BillDetailViewController.xib; sourceTree = "<group>"; };
		143943871DEA0DD400451A5A /* BillViewController.h */ = {isa = PBXFileReference; fileEncoding = 4; lastKnownFileType = sourcecode.c.h; path = BillViewController.h; sourceTree = "<group>"; };
		143943881DEA0DD400451A5A /* BillViewController.m */ = {isa = PBXFileReference; fileEncoding = 4; lastKnownFileType = sourcecode.c.objc; path = BillViewController.m; sourceTree = "<group>"; };
		143943891DEA0DD400451A5A /* CommitteeViewController.h */ = {isa = PBXFileReference; fileEncoding = 4; lastKnownFileType = sourcecode.c.h; path = CommitteeViewController.h; sourceTree = "<group>"; };
		1439438A1DEA0DD400451A5A /* CommitteeViewController.m */ = {isa = PBXFileReference; fileEncoding = 4; lastKnownFileType = sourcecode.c.objc; path = CommitteeViewController.m; sourceTree = "<group>"; };
		1439438B1DEA0DD400451A5A /* FavoriteViewController.h */ = {isa = PBXFileReference; fileEncoding = 4; lastKnownFileType = sourcecode.c.h; path = FavoriteViewController.h; sourceTree = "<group>"; };
		1439438C1DEA0DD400451A5A /* FavoriteViewController.m */ = {isa = PBXFileReference; fileEncoding = 4; lastKnownFileType = sourcecode.c.objc; path = FavoriteViewController.m; sourceTree = "<group>"; };
		1439438D1DEA0DD400451A5A /* LegislatorDetailViewController.h */ = {isa = PBXFileReference; fileEncoding = 4; lastKnownFileType = sourcecode.c.h; path = LegislatorDetailViewController.h; sourceTree = "<group>"; };
		1439438E1DEA0DD400451A5A /* LegislatorDetailViewController.m */ = {isa = PBXFileReference; fileEncoding = 4; lastKnownFileType = sourcecode.c.objc; path = LegislatorDetailViewController.m; sourceTree = "<group>"; };
		1439438F1DEA0DD400451A5A /* LegislatorDetailViewController.xib */ = {isa = PBXFileReference; fileEncoding = 4; lastKnownFileType = file.xib; path = LegislatorDetailViewController.xib; sourceTree = "<group>"; };
		143943901DEA0DD400451A5A /* LegislatorViewController.h */ = {isa = PBXFileReference; fileEncoding = 4; lastKnownFileType = sourcecode.c.h; path = LegislatorViewController.h; sourceTree = "<group>"; };
		143943911DEA0DD400451A5A /* LegislatorViewController.m */ = {isa = PBXFileReference; fileEncoding = 4; lastKnownFileType = sourcecode.c.objc; path = LegislatorViewController.m; sourceTree = "<group>"; };
		1494A6081DDF9C0400E3282D /* LegislatorModel.h */ = {isa = PBXFileReference; fileEncoding = 4; lastKnownFileType = sourcecode.c.h; name = LegislatorModel.h; path = Model/LegislatorModel.h; sourceTree = "<group>"; };
		1494A6091DDF9C0400E3282D /* LegislatorModel.m */ = {isa = PBXFileReference; fileEncoding = 4; lastKnownFileType = sourcecode.c.objc; name = LegislatorModel.m; path = Model/LegislatorModel.m; sourceTree = "<group>"; };
		1494A60B1DDF9C2500E3282D /* BillModel.h */ = {isa = PBXFileReference; fileEncoding = 4; lastKnownFileType = sourcecode.c.h; name = BillModel.h; path = Model/BillModel.h; sourceTree = "<group>"; };
		1494A60C1DDF9C2500E3282D /* BillModel.m */ = {isa = PBXFileReference; fileEncoding = 4; lastKnownFileType = sourcecode.c.objc; name = BillModel.m; path = Model/BillModel.m; sourceTree = "<group>"; };
		1494A60E1DDF9C3800E3282D /* CommitteeModel.h */ = {isa = PBXFileReference; fileEncoding = 4; lastKnownFileType = sourcecode.c.h; name = CommitteeModel.h; path = Model/CommitteeModel.h; sourceTree = "<group>"; };
		1494A60F1DDF9C3800E3282D /* CommitteeModel.m */ = {isa = PBXFileReference; fileEncoding = 4; lastKnownFileType = sourcecode.c.objc; name = CommitteeModel.m; path = Model/CommitteeModel.m; sourceTree = "<group>"; };
		1494A62F1DDF9DE300E3282D /* BaseModel.h */ = {isa = PBXFileReference; fileEncoding = 4; lastKnownFileType = sourcecode.c.h; name = BaseModel.h; path = Model/BaseModel.h; sourceTree = "<group>"; };
		1494A6301DDF9DE300E3282D /* BaseModel.m */ = {isa = PBXFileReference; fileEncoding = 4; lastKnownFileType = sourcecode.c.objc; name = BaseModel.m; path = Model/BaseModel.m; sourceTree = "<group>"; };
		149EE2141DE7063C001F500F /* PrefixHeader.pch */ = {isa = PBXFileReference; lastKnownFileType = sourcecode.c.h; path = PrefixHeader.pch; sourceTree = "<group>"; };
		14A6AECA1DE7607A00EFD8BA /* Constant.h */ = {isa = PBXFileReference; lastKnownFileType = sourcecode.c.h; path = Constant.h; sourceTree = "<group>"; };
		14A6AED21DE7875200EFD8BA /* BaseOperation.h */ = {isa = PBXFileReference; fileEncoding = 4; lastKnownFileType = sourcecode.c.h; path = BaseOperation.h; sourceTree = "<group>"; };
		14A6AED31DE7875200EFD8BA /* BaseOperation.m */ = {isa = PBXFileReference; fileEncoding = 4; lastKnownFileType = sourcecode.c.objc; path = BaseOperation.m; sourceTree = "<group>"; };
		14B759821DDF972B00F6AA29 /* congress.app */ = {isa = PBXFileReference; explicitFileType = wrapper.application; includeInIndex = 0; path = congress.app; sourceTree = BUILT_PRODUCTS_DIR; };
		14B759861DDF972B00F6AA29 /* main.m */ = {isa = PBXFileReference; lastKnownFileType = sourcecode.c.objc; path = main.m; sourceTree = "<group>"; };
		14B759881DDF972B00F6AA29 /* AppDelegate.h */ = {isa = PBXFileReference; lastKnownFileType = sourcecode.c.h; path = AppDelegate.h; sourceTree = "<group>"; };
		14B759891DDF972B00F6AA29 /* AppDelegate.m */ = {isa = PBXFileReference; lastKnownFileType = sourcecode.c.objc; path = AppDelegate.m; sourceTree = "<group>"; };
		14B7598F1DDF972B00F6AA29 /* Base */ = {isa = PBXFileReference; lastKnownFileType = file.storyboard; name = Base; path = Base.lproj/Main.storyboard; sourceTree = "<group>"; };
		14B759911DDF972B00F6AA29 /* Assets.xcassets */ = {isa = PBXFileReference; lastKnownFileType = folder.assetcatalog; path = Assets.xcassets; sourceTree = "<group>"; };
		14B759941DDF972B00F6AA29 /* Base */ = {isa = PBXFileReference; lastKnownFileType = file.storyboard; name = Base; path = Base.lproj/LaunchScreen.storyboard; sourceTree = "<group>"; };
		14B759961DDF972B00F6AA29 /* Info.plist */ = {isa = PBXFileReference; lastKnownFileType = text.plist.xml; path = Info.plist; sourceTree = "<group>"; };
		14B7599B1DDF972B00F6AA29 /* congressTests.xctest */ = {isa = PBXFileReference; explicitFileType = wrapper.cfbundle; includeInIndex = 0; path = congressTests.xctest; sourceTree = BUILT_PRODUCTS_DIR; };
		14B7599F1DDF972B00F6AA29 /* congressTests.m */ = {isa = PBXFileReference; lastKnownFileType = sourcecode.c.objc; path = congressTests.m; sourceTree = "<group>"; };
		14B759A11DDF972B00F6AA29 /* Info.plist */ = {isa = PBXFileReference; lastKnownFileType = text.plist.xml; path = Info.plist; sourceTree = "<group>"; };
		14B759A61DDF972B00F6AA29 /* congressUITests.xctest */ = {isa = PBXFileReference; explicitFileType = wrapper.cfbundle; includeInIndex = 0; path = congressUITests.xctest; sourceTree = BUILT_PRODUCTS_DIR; };
		14B759AA1DDF972B00F6AA29 /* congressUITests.m */ = {isa = PBXFileReference; lastKnownFileType = sourcecode.c.objc; path = congressUITests.m; sourceTree = "<group>"; };
		14B759AC1DDF972B00F6AA29 /* Info.plist */ = {isa = PBXFileReference; lastKnownFileType = text.plist.xml; path = Info.plist; sourceTree = "<group>"; };
		14BC981E1DE99AB20000AEDB /* GetLegislators.h */ = {isa = PBXFileReference; fileEncoding = 4; lastKnownFileType = sourcecode.c.h; path = GetLegislators.h; sourceTree = "<group>"; };
		14BC981F1DE99AB30000AEDB /* GetLegislators.m */ = {isa = PBXFileReference; fileEncoding = 4; lastKnownFileType = sourcecode.c.objc; path = GetLegislators.m; sourceTree = "<group>"; };
		14BC98211DE99AC80000AEDB /* GetBillls.h */ = {isa = PBXFileReference; fileEncoding = 4; lastKnownFileType = sourcecode.c.h; path = GetBillls.h; sourceTree = "<group>"; };
		14BC98221DE99AC80000AEDB /* GetBillls.m */ = {isa = PBXFileReference; fileEncoding = 4; lastKnownFileType = sourcecode.c.objc; path = GetBillls.m; sourceTree = "<group>"; };
		14BC98241DE99ADE0000AEDB /* GetCommittees.h */ = {isa = PBXFileReference; fileEncoding = 4; lastKnownFileType = sourcecode.c.h; path = GetCommittees.h; sourceTree = "<group>"; };
		14BC98251DE99ADE0000AEDB /* GetCommittees.m */ = {isa = PBXFileReference; fileEncoding = 4; lastKnownFileType = sourcecode.c.objc; path = GetCommittees.m; sourceTree = "<group>"; };
		14BC983A1DE99E500000AEDB /* BaseController.h */ = {isa = PBXFileReference; fileEncoding = 4; lastKnownFileType = sourcecode.c.h; path = BaseController.h; sourceTree = "<group>"; };
		14BC983B1DE99E500000AEDB /* BaseController.m */ = {isa = PBXFileReference; fileEncoding = 4; lastKnownFileType = sourcecode.c.objc; path = BaseController.m; sourceTree = "<group>"; };
		14BC983D1DE99E650000AEDB /* BaseTableViewCell.h */ = {isa = PBXFileReference; fileEncoding = 4; lastKnownFileType = sourcecode.c.h; name = BaseTableViewCell.h; path = congress/View/Cell/BaseTableViewCell.h; sourceTree = SOURCE_ROOT; };
		14BC983E1DE99E650000AEDB /* BaseTableViewCell.m */ = {isa = PBXFileReference; fileEncoding = 4; lastKnownFileType = sourcecode.c.objc; name = BaseTableViewCell.m; path = congress/View/Cell/BaseTableViewCell.m; sourceTree = SOURCE_ROOT; };
		14BC983F1DE99E650000AEDB /* BillTableViewCell.h */ = {isa = PBXFileReference; fileEncoding = 4; lastKnownFileType = sourcecode.c.h; name = BillTableViewCell.h; path = congress/View/Cell/BillTableViewCell.h; sourceTree = SOURCE_ROOT; };
		14BC98401DE99E650000AEDB /* BillTableViewCell.m */ = {isa = PBXFileReference; fileEncoding = 4; lastKnownFileType = sourcecode.c.objc; name = BillTableViewCell.m; path = congress/View/Cell/BillTableViewCell.m; sourceTree = SOURCE_ROOT; };
		14BC98411DE99E650000AEDB /* CommitteeTableViewCell.h */ = {isa = PBXFileReference; fileEncoding = 4; lastKnownFileType = sourcecode.c.h; name = CommitteeTableViewCell.h; path = congress/View/Cell/CommitteeTableViewCell.h; sourceTree = SOURCE_ROOT; };
		14BC98421DE99E650000AEDB /* CommitteeTableViewCell.m */ = {isa = PBXFileReference; fileEncoding = 4; lastKnownFileType = sourcecode.c.objc; name = CommitteeTableViewCell.m; path = congress/View/Cell/CommitteeTableViewCell.m; sourceTree = SOURCE_ROOT; };
		14BC98431DE99E650000AEDB /* LeftMenuTableViewCell.h */ = {isa = PBXFileReference; fileEncoding = 4; lastKnownFileType = sourcecode.c.h; name = LeftMenuTableViewCell.h; path = congress/View/Cell/LeftMenuTableViewCell.h; sourceTree = SOURCE_ROOT; };
		14BC98441DE99E650000AEDB /* LeftMenuTableViewCell.m */ = {isa = PBXFileReference; fileEncoding = 4; lastKnownFileType = sourcecode.c.objc; name = LeftMenuTableViewCell.m; path = congress/View/Cell/LeftMenuTableViewCell.m; sourceTree = SOURCE_ROOT; };
		14BC98451DE99E650000AEDB /* LegislatorTableViewCell.h */ = {isa = PBXFileReference; fileEncoding = 4; lastKnownFileType = sourcecode.c.h; name = LegislatorTableViewCell.h; path = congress/View/Cell/LegislatorTableViewCell.h; sourceTree = SOURCE_ROOT; };
		14BC98461DE99E650000AEDB /* LegislatorTableViewCell.m */ = {isa = PBXFileReference; fileEncoding = 4; lastKnownFileType = sourcecode.c.objc; name = LegislatorTableViewCell.m; path = congress/View/Cell/LegislatorTableViewCell.m; sourceTree = SOURCE_ROOT; };
		14BC985E1DE99E7C0000AEDB /* BaseTableViewController.h */ = {isa = PBXFileReference; fileEncoding = 4; lastKnownFileType = sourcecode.c.h; name = BaseTableViewController.h; path = congress/View/Widget/BaseTableViewController.h; sourceTree = SOURCE_ROOT; };
		14BC985F1DE99E7C0000AEDB /* BaseTableViewController.m */ = {isa = PBXFileReference; fileEncoding = 4; lastKnownFileType = sourcecode.c.objc; name = BaseTableViewController.m; path = congress/View/Widget/BaseTableViewController.m; sourceTree = SOURCE_ROOT; };
		14BC98601DE99E7C0000AEDB /* BillTableViewController.h */ = {isa = PBXFileReference; fileEncoding = 4; lastKnownFileType = sourcecode.c.h; name = BillTableViewController.h; path = congress/View/Widget/BillTableViewController.h; sourceTree = SOURCE_ROOT; };
		14BC98611DE99E7C0000AEDB /* BillTableViewController.m */ = {isa = PBXFileReference; fileEncoding = 4; lastKnownFileType = sourcecode.c.objc; name = BillTableViewController.m; path = congress/View/Widget/BillTableViewController.m; sourceTree = SOURCE_ROOT; };
		14BC98621DE99E7C0000AEDB /* CommitteeTableViewController.h */ = {isa = PBXFileReference; fileEncoding = 4; lastKnownFileType = sourcecode.c.h; name = CommitteeTableViewController.h; path = congress/View/Widget/CommitteeTableViewController.h; sourceTree = SOURCE_ROOT; };
		14BC98631DE99E7C0000AEDB /* CommitteeTableViewController.m */ = {isa = PBXFileReference; fileEncoding = 4; lastKnownFileType = sourcecode.c.objc; name = CommitteeTableViewController.m; path = congress/View/Widget/CommitteeTableViewController.m; sourceTree = SOURCE_ROOT; };
		14BC98641DE99E7C0000AEDB /* LeftMenuTableViewController.h */ = {isa = PBXFileReference; fileEncoding = 4; lastKnownFileType = sourcecode.c.h; name = LeftMenuTableViewController.h; path = congress/View/Widget/LeftMenuTableViewController.h; sourceTree = SOURCE_ROOT; };
		14BC98651DE99E7C0000AEDB /* LeftMenuTableViewController.m */ = {isa = PBXFileReference; fileEncoding = 4; lastKnownFileType = sourcecode.c.objc; name = LeftMenuTableViewController.m; path = congress/View/Widget/LeftMenuTableViewController.m; sourceTree = SOURCE_ROOT; };
		14BC98661DE99E7C0000AEDB /* LegislatorTableViewController.h */ = {isa = PBXFileReference; fileEncoding = 4; lastKnownFileType = sourcecode.c.h; name = LegislatorTableViewController.h; path = congress/View/Widget/LegislatorTableViewController.h; sourceTree = SOURCE_ROOT; };
		14BC98671DE99E7C0000AEDB /* LegislatorTableViewController.m */ = {isa = PBXFileReference; fileEncoding = 4; lastKnownFileType = sourcecode.c.objc; name = LegislatorTableViewController.m; path = congress/View/Widget/LegislatorTableViewController.m; sourceTree = SOURCE_ROOT; };
		14BC986D1DE99EC40000AEDB /* BaseWidgetController.h */ = {isa = PBXFileReference; fileEncoding = 4; lastKnownFileType = sourcecode.c.h; name = BaseWidgetController.h; path = congress/View/Widget/BaseWidgetController.h; sourceTree = SOURCE_ROOT; };
		14BC986E1DE99EC40000AEDB /* BaseWidgetController.m */ = {isa = PBXFileReference; fileEncoding = 4; lastKnownFileType = sourcecode.c.objc; name = BaseWidgetController.m; path = congress/View/Widget/BaseWidgetController.m; sourceTree = SOURCE_ROOT; };
		14BC98731DE9A4AB0000AEDB /* CategoryModel.h */ = {isa = PBXFileReference; fileEncoding = 4; lastKnownFileType = sourcecode.c.h; name = CategoryModel.h; path = Model/CategoryModel.h; sourceTree = "<group>"; };
		14BC98741DE9A4AB0000AEDB /* CategoryModel.m */ = {isa = PBXFileReference; fileEncoding = 4; lastKnownFileType = sourcecode.c.objc; name = CategoryModel.m; path = Model/CategoryModel.m; sourceTree = "<group>"; };
		14BC98771DE9B6A20000AEDB /* ImageDownload.h */ = {isa = PBXFileReference; fileEncoding = 4; lastKnownFileType = sourcecode.c.h; path = ImageDownload.h; sourceTree = "<group>"; };
		14BC98781DE9B6A20000AEDB /* ImageDownload.m */ = {isa = PBXFileReference; fileEncoding = 4; lastKnownFileType = sourcecode.c.objc; path = ImageDownload.m; sourceTree = "<group>"; };
		22163F3AEF801027886E7207 /* Pods-congressUITests.debug.xcconfig */ = {isa = PBXFileReference; includeInIndex = 1; lastKnownFileType = text.xcconfig; name = "Pods-congressUITests.debug.xcconfig"; path = "Pods/Target Support Files/Pods-congressUITests/Pods-congressUITests.debug.xcconfig"; sourceTree = "<group>"; };
		3C4C0061D564EEE2BEE120E2 /* Pods-congress.debug.xcconfig */ = {isa = PBXFileReference; includeInIndex = 1; lastKnownFileType = text.xcconfig; name = "Pods-congress.debug.xcconfig"; path = "Pods/Target Support Files/Pods-congress/Pods-congress.debug.xcconfig"; sourceTree = "<group>"; };
		48661CD019ADA27A68EF21A7 /* Pods-congressTests.release.xcconfig */ = {isa = PBXFileReference; includeInIndex = 1; lastKnownFileType = text.xcconfig; name = "Pods-congressTests.release.xcconfig"; path = "Pods/Target Support Files/Pods-congressTests/Pods-congressTests.release.xcconfig"; sourceTree = "<group>"; };
		B67B4FACAC558B1C4F70A1C5 /* libPods-congress.a */ = {isa = PBXFileReference; explicitFileType = archive.ar; includeInIndex = 0; path = "libPods-congress.a"; sourceTree = BUILT_PRODUCTS_DIR; };
		DDCB61B7671D29F9ACCD3E56 /* Pods-congress.release.xcconfig */ = {isa = PBXFileReference; includeInIndex = 1; lastKnownFileType = text.xcconfig; name = "Pods-congress.release.xcconfig"; path = "Pods/Target Support Files/Pods-congress/Pods-congress.release.xcconfig"; sourceTree = "<group>"; };
		E0D98A7209F950F3C728C6D5 /* libPods-congressTests.a */ = {isa = PBXFileReference; explicitFileType = archive.ar; includeInIndex = 0; path = "libPods-congressTests.a"; sourceTree = BUILT_PRODUCTS_DIR; };
		E16D952C856280E544CDF262 /* Pods-congressUITests.release.xcconfig */ = {isa = PBXFileReference; includeInIndex = 1; lastKnownFileType = text.xcconfig; name = "Pods-congressUITests.release.xcconfig"; path = "Pods/Target Support Files/Pods-congressUITests/Pods-congressUITests.release.xcconfig"; sourceTree = "<group>"; };
		F7B74B8B860CB9C5082117C8 /* Pods-congressTests.debug.xcconfig */ = {isa = PBXFileReference; includeInIndex = 1; lastKnownFileType = text.xcconfig; name = "Pods-congressTests.debug.xcconfig"; path = "Pods/Target Support Files/Pods-congressTests/Pods-congressTests.debug.xcconfig"; sourceTree = "<group>"; };
/* End PBXFileReference section */

/* Begin PBXFrameworksBuildPhase section */
		14B7597F1DDF972A00F6AA29 /* Frameworks */ = {
			isa = PBXFrameworksBuildPhase;
			buildActionMask = 2147483647;
			files = (
				07EF88A2F39AC336D20DBB2B /* libPods-congress.a in Frameworks */,
			);
			runOnlyForDeploymentPostprocessing = 0;
		};
		14B759981DDF972B00F6AA29 /* Frameworks */ = {
			isa = PBXFrameworksBuildPhase;
			buildActionMask = 2147483647;
			files = (
				85FB89CD7BB25BC0E7A176BF /* libPods-congressTests.a in Frameworks */,
			);
			runOnlyForDeploymentPostprocessing = 0;
		};
		14B759A31DDF972B00F6AA29 /* Frameworks */ = {
			isa = PBXFrameworksBuildPhase;
			buildActionMask = 2147483647;
			files = (
				6A12AC84EC8F752B530F465D /* libPods-congressUITests.a in Frameworks */,
			);
			runOnlyForDeploymentPostprocessing = 0;
		};
/* End PBXFrameworksBuildPhase section */

/* Begin PBXGroup section */
		1494A6111DDF9C4300E3282D /* Model */ = {
			isa = PBXGroup;
			children = (
				1494A62F1DDF9DE300E3282D /* BaseModel.h */,
				1494A6301DDF9DE300E3282D /* BaseModel.m */,
				1494A6081DDF9C0400E3282D /* LegislatorModel.h */,
				1494A6091DDF9C0400E3282D /* LegislatorModel.m */,
				1494A60B1DDF9C2500E3282D /* BillModel.h */,
				1494A60C1DDF9C2500E3282D /* BillModel.m */,
				1494A60E1DDF9C3800E3282D /* CommitteeModel.h */,
				1494A60F1DDF9C3800E3282D /* CommitteeModel.m */,
				14BC98731DE9A4AB0000AEDB /* CategoryModel.h */,
				14BC98741DE9A4AB0000AEDB /* CategoryModel.m */,
			);
			name = Model;
			sourceTree = "<group>";
		};
		1494A61F1DDF9CBD00E3282D /* Page */ = {
			isa = PBXGroup;
			children = (
				143943821DEA0DD400451A5A /* BaseViewController.h */,
				143943831DEA0DD400451A5A /* BaseViewController.m */,
				143943901DEA0DD400451A5A /* LegislatorViewController.h */,
				143943911DEA0DD400451A5A /* LegislatorViewController.m */,
				1439438D1DEA0DD400451A5A /* LegislatorDetailViewController.h */,
				1439438E1DEA0DD400451A5A /* LegislatorDetailViewController.m */,
				1439438F1DEA0DD400451A5A /* LegislatorDetailViewController.xib */,
				143943871DEA0DD400451A5A /* BillViewController.h */,
				143943881DEA0DD400451A5A /* BillViewController.m */,
				143943841DEA0DD400451A5A /* BillDetailViewController.h */,
				143943851DEA0DD400451A5A /* BillDetailViewController.m */,
				143943861DEA0DD400451A5A /* BillDetailViewController.xib */,
				143943891DEA0DD400451A5A /* CommitteeViewController.h */,
				1439438A1DEA0DD400451A5A /* CommitteeViewController.m */,
				1439437B1DEA0DB800451A5A /* CommitteeDetailViewController.h */,
				1439437C1DEA0DB800451A5A /* CommitteeDetailViewController.m */,
				1439437D1DEA0DB800451A5A /* CommitteeDetailViewController.xib */,
				1439438B1DEA0DD400451A5A /* FavoriteViewController.h */,
				1439438C1DEA0DD400451A5A /* FavoriteViewController.m */,
				143943801DEA0DD400451A5A /* AboutViewController.h */,
				143943811DEA0DD400451A5A /* AboutViewController.m */,
			);
			path = Page;
			sourceTree = "<group>";
		};
		1494A6381DDF9E8700E3282D /* Widget */ = {
			isa = PBXGroup;
			children = (
				14BC986D1DE99EC40000AEDB /* BaseWidgetController.h */,
				14BC986E1DE99EC40000AEDB /* BaseWidgetController.m */,
				14BC985E1DE99E7C0000AEDB /* BaseTableViewController.h */,
				14BC985F1DE99E7C0000AEDB /* BaseTableViewController.m */,
				14BC98661DE99E7C0000AEDB /* LegislatorTableViewController.h */,
				14BC98671DE99E7C0000AEDB /* LegislatorTableViewController.m */,
				14BC98601DE99E7C0000AEDB /* BillTableViewController.h */,
				14BC98611DE99E7C0000AEDB /* BillTableViewController.m */,
				14BC98621DE99E7C0000AEDB /* CommitteeTableViewController.h */,
				14BC98631DE99E7C0000AEDB /* CommitteeTableViewController.m */,
				14BC98641DE99E7C0000AEDB /* LeftMenuTableViewController.h */,
				14BC98651DE99E7C0000AEDB /* LeftMenuTableViewController.m */,
			);
			name = Widget;
			path = View/Widget;
			sourceTree = "<group>";
		};
		14A6AED11DE786F400EFD8BA /* Operation */ = {
			isa = PBXGroup;
			children = (
				14A6AED21DE7875200EFD8BA /* BaseOperation.h */,
				14A6AED31DE7875200EFD8BA /* BaseOperation.m */,
				14BC981E1DE99AB20000AEDB /* GetLegislators.h */,
				14BC981F1DE99AB30000AEDB /* GetLegislators.m */,
				14BC98211DE99AC80000AEDB /* GetBillls.h */,
				14BC98221DE99AC80000AEDB /* GetBillls.m */,
				14BC98241DE99ADE0000AEDB /* GetCommittees.h */,
				14BC98251DE99ADE0000AEDB /* GetCommittees.m */,
			);
			path = Operation;
			sourceTree = "<group>";
		};
		14B759791DDF972A00F6AA29 = {
			isa = PBXGroup;
			children = (
				14B759841DDF972B00F6AA29 /* congress */,
				14B759A91DDF972B00F6AA29 /* congressUITests */,
				14B7599E1DDF972B00F6AA29 /* congressTests */,
				14B759831DDF972B00F6AA29 /* Products */,
				45DB1DB4E071F92BD3570CC8 /* Pods */,
				BBBBDECCD5E28615C89D3324 /* Frameworks */,
			);
			sourceTree = "<group>";
		};
		14B759831DDF972B00F6AA29 /* Products */ = {
			isa = PBXGroup;
			children = (
				14B759821DDF972B00F6AA29 /* congress.app */,
				14B7599B1DDF972B00F6AA29 /* congressTests.xctest */,
				14B759A61DDF972B00F6AA29 /* congressUITests.xctest */,
			);
			name = Products;
			sourceTree = "<group>";
		};
		14B759841DDF972B00F6AA29 /* congress */ = {
			isa = PBXGroup;
			children = (
				14B759881DDF972B00F6AA29 /* AppDelegate.h */,
				14B759891DDF972B00F6AA29 /* AppDelegate.m */,
				14A6AECA1DE7607A00EFD8BA /* Constant.h */,
				14BC98761DE9B6510000AEDB /* Global */,
				1494A6111DDF9C4300E3282D /* Model */,
				14B759CB1DDF9A0300F6AA29 /* View */,
				14A6AED11DE786F400EFD8BA /* Operation */,
				14B7598E1DDF972B00F6AA29 /* Main.storyboard */,
				14B759911DDF972B00F6AA29 /* Assets.xcassets */,
				14B759931DDF972B00F6AA29 /* LaunchScreen.storyboard */,
				14B759851DDF972B00F6AA29 /* Supporting Files */,
			);
			path = congress;
			sourceTree = "<group>";
		};
		14B759851DDF972B00F6AA29 /* Supporting Files */ = {
			isa = PBXGroup;
			children = (
				14B759961DDF972B00F6AA29 /* Info.plist */,
				14B759861DDF972B00F6AA29 /* main.m */,
				149EE2141DE7063C001F500F /* PrefixHeader.pch */,
			);
			name = "Supporting Files";
			sourceTree = "<group>";
		};
		14B7599E1DDF972B00F6AA29 /* congressTests */ = {
			isa = PBXGroup;
			children = (
				14B7599F1DDF972B00F6AA29 /* congressTests.m */,
				14B759A11DDF972B00F6AA29 /* Info.plist */,
			);
			path = congressTests;
			sourceTree = SOURCE_ROOT;
		};
		14B759A91DDF972B00F6AA29 /* congressUITests */ = {
			isa = PBXGroup;
			children = (
				14B759AA1DDF972B00F6AA29 /* congressUITests.m */,
				14B759AC1DDF972B00F6AA29 /* Info.plist */,
			);
			path = congressUITests;
			sourceTree = "<group>";
		};
		14B759CB1DDF9A0300F6AA29 /* View */ = {
			isa = PBXGroup;
			children = (
				14BC983A1DE99E500000AEDB /* BaseController.h */,
				14BC983B1DE99E500000AEDB /* BaseController.m */,
				1494A61F1DDF9CBD00E3282D /* Page */,
				1494A6381DDF9E8700E3282D /* Widget */,
				14BC98271DE99CAB0000AEDB /* Cell */,
			);
			path = View;
			sourceTree = "<group>";
		};
		14BC98271DE99CAB0000AEDB /* Cell */ = {
			isa = PBXGroup;
			children = (
				14BC983D1DE99E650000AEDB /* BaseTableViewCell.h */,
				14BC983E1DE99E650000AEDB /* BaseTableViewCell.m */,
				14BC98451DE99E650000AEDB /* LegislatorTableViewCell.h */,
				14BC98461DE99E650000AEDB /* LegislatorTableViewCell.m */,
				14BC983F1DE99E650000AEDB /* BillTableViewCell.h */,
				14BC98401DE99E650000AEDB /* BillTableViewCell.m */,
				14BC98411DE99E650000AEDB /* CommitteeTableViewCell.h */,
				14BC98421DE99E650000AEDB /* CommitteeTableViewCell.m */,
				14BC98431DE99E650000AEDB /* LeftMenuTableViewCell.h */,
				14BC98441DE99E650000AEDB /* LeftMenuTableViewCell.m */,
			);
			name = Cell;
			path = View/Cell;
			sourceTree = "<group>";
		};
		14BC98761DE9B6510000AEDB /* Global */ = {
			isa = PBXGroup;
			children = (
				14BC98771DE9B6A20000AEDB /* ImageDownload.h */,
				14BC98781DE9B6A20000AEDB /* ImageDownload.m */,
			);
			path = Global;
			sourceTree = "<group>";
		};
		45DB1DB4E071F92BD3570CC8 /* Pods */ = {
			isa = PBXGroup;
			children = (
				3C4C0061D564EEE2BEE120E2 /* Pods-congress.debug.xcconfig */,
				DDCB61B7671D29F9ACCD3E56 /* Pods-congress.release.xcconfig */,
				F7B74B8B860CB9C5082117C8 /* Pods-congressTests.debug.xcconfig */,
				48661CD019ADA27A68EF21A7 /* Pods-congressTests.release.xcconfig */,
				22163F3AEF801027886E7207 /* Pods-congressUITests.debug.xcconfig */,
				E16D952C856280E544CDF262 /* Pods-congressUITests.release.xcconfig */,
			);
			name = Pods;
			sourceTree = "<group>";
		};
		BBBBDECCD5E28615C89D3324 /* Frameworks */ = {
			isa = PBXGroup;
			children = (
				B67B4FACAC558B1C4F70A1C5 /* libPods-congress.a */,
				E0D98A7209F950F3C728C6D5 /* libPods-congressTests.a */,
				08DD79A67B0CB9C4BC89D76E /* libPods-congressUITests.a */,
			);
			name = Frameworks;
			sourceTree = "<group>";
		};
/* End PBXGroup section */

/* Begin PBXNativeTarget section */
		14B759811DDF972A00F6AA29 /* congress */ = {
			isa = PBXNativeTarget;
			buildConfigurationList = 14B759AF1DDF972B00F6AA29 /* Build configuration list for PBXNativeTarget "congress" */;
			buildPhases = (
				A73C75B04DB99A97FC4CE2EF /* [CP] Check Pods Manifest.lock */,
				14B7597E1DDF972A00F6AA29 /* Sources */,
				14B7597F1DDF972A00F6AA29 /* Frameworks */,
				14B759801DDF972A00F6AA29 /* Resources */,
				F5A7908B5C12EA68C8AD09E4 /* [CP] Embed Pods Frameworks */,
				5F409B37D6340DEE88AFE78C /* [CP] Copy Pods Resources */,
			);
			buildRules = (
			);
			dependencies = (
			);
			name = congress;
			productName = congress;
			productReference = 14B759821DDF972B00F6AA29 /* congress.app */;
			productType = "com.apple.product-type.application";
		};
		14B7599A1DDF972B00F6AA29 /* congressTests */ = {
			isa = PBXNativeTarget;
			buildConfigurationList = 14B759B21DDF972B00F6AA29 /* Build configuration list for PBXNativeTarget "congressTests" */;
			buildPhases = (
				FB30FDE546D4868844589FD8 /* [CP] Check Pods Manifest.lock */,
				14B759971DDF972B00F6AA29 /* Sources */,
				14B759981DDF972B00F6AA29 /* Frameworks */,
				14B759991DDF972B00F6AA29 /* Resources */,
				4CA17A089BC92954463F1B0B /* [CP] Embed Pods Frameworks */,
				7F47075CCDEB4BB471E84AD3 /* [CP] Copy Pods Resources */,
			);
			buildRules = (
			);
			dependencies = (
				14B7599D1DDF972B00F6AA29 /* PBXTargetDependency */,
			);
			name = congressTests;
			productName = congressTests;
			productReference = 14B7599B1DDF972B00F6AA29 /* congressTests.xctest */;
			productType = "com.apple.product-type.bundle.unit-test";
		};
		14B759A51DDF972B00F6AA29 /* congressUITests */ = {
			isa = PBXNativeTarget;
			buildConfigurationList = 14B759B51DDF972B00F6AA29 /* Build configuration list for PBXNativeTarget "congressUITests" */;
			buildPhases = (
				5A9586929850E3071F23BEBA /* [CP] Check Pods Manifest.lock */,
				14B759A21DDF972B00F6AA29 /* Sources */,
				14B759A31DDF972B00F6AA29 /* Frameworks */,
				14B759A41DDF972B00F6AA29 /* Resources */,
				7D22496C581C4AEE82391F4C /* [CP] Copy Pods Resources */,
			);
			buildRules = (
			);
			dependencies = (
				14B759A81DDF972B00F6AA29 /* PBXTargetDependency */,
			);
			name = congressUITests;
			productName = congressUITests;
			productReference = 14B759A61DDF972B00F6AA29 /* congressUITests.xctest */;
			productType = "com.apple.product-type.bundle.ui-testing";
		};
/* End PBXNativeTarget section */

/* Begin PBXProject section */
		14B7597A1DDF972A00F6AA29 /* Project object */ = {
			isa = PBXProject;
			attributes = {
				LastUpgradeCheck = 0810;
				ORGANIZATIONNAME = shipu;
				TargetAttributes = {
					14B759811DDF972A00F6AA29 = {
						CreatedOnToolsVersion = 8.1;
						DevelopmentTeam = 9UBQHSZKU2;
						ProvisioningStyle = Automatic;
					};
					14B7599A1DDF972B00F6AA29 = {
						CreatedOnToolsVersion = 8.1;
						DevelopmentTeam = 9UBQHSZKU2;
						ProvisioningStyle = Automatic;
						TestTargetID = 14B759811DDF972A00F6AA29;
					};
					14B759A51DDF972B00F6AA29 = {
						CreatedOnToolsVersion = 8.1;
						DevelopmentTeam = 9UBQHSZKU2;
						ProvisioningStyle = Automatic;
						TestTargetID = 14B759811DDF972A00F6AA29;
					};
				};
			};
			buildConfigurationList = 14B7597D1DDF972A00F6AA29 /* Build configuration list for PBXProject "congress" */;
			compatibilityVersion = "Xcode 3.2";
			developmentRegion = English;
			hasScannedForEncodings = 0;
			knownRegions = (
				en,
				Base,
			);
			mainGroup = 14B759791DDF972A00F6AA29;
			productRefGroup = 14B759831DDF972B00F6AA29 /* Products */;
			projectDirPath = "";
			projectRoot = "";
			targets = (
				14B759811DDF972A00F6AA29 /* congress */,
				14B7599A1DDF972B00F6AA29 /* congressTests */,
				14B759A51DDF972B00F6AA29 /* congressUITests */,
			);
		};
/* End PBXProject section */

/* Begin PBXResourcesBuildPhase section */
		14B759801DDF972A00F6AA29 /* Resources */ = {
			isa = PBXResourcesBuildPhase;
			buildActionMask = 2147483647;
			files = (
				14B759951DDF972B00F6AA29 /* LaunchScreen.storyboard in Resources */,
				143943951DEA0DD400451A5A /* BillDetailViewController.xib in Resources */,
				1439437F1DEA0DB800451A5A /* CommitteeDetailViewController.xib in Resources */,
				1439439A1DEA0DD400451A5A /* LegislatorDetailViewController.xib in Resources */,
				14B759921DDF972B00F6AA29 /* Assets.xcassets in Resources */,
				14B759901DDF972B00F6AA29 /* Main.storyboard in Resources */,
			);
			runOnlyForDeploymentPostprocessing = 0;
		};
		14B759991DDF972B00F6AA29 /* Resources */ = {
			isa = PBXResourcesBuildPhase;
			buildActionMask = 2147483647;
			files = (
			);
			runOnlyForDeploymentPostprocessing = 0;
		};
		14B759A41DDF972B00F6AA29 /* Resources */ = {
			isa = PBXResourcesBuildPhase;
			buildActionMask = 2147483647;
			files = (
			);
			runOnlyForDeploymentPostprocessing = 0;
		};
/* End PBXResourcesBuildPhase section */

/* Begin PBXShellScriptBuildPhase section */
		4CA17A089BC92954463F1B0B /* [CP] Embed Pods Frameworks */ = {
			isa = PBXShellScriptBuildPhase;
			buildActionMask = 2147483647;
			files = (
			);
			inputPaths = (
			);
			name = "[CP] Embed Pods Frameworks";
			outputPaths = (
			);
			runOnlyForDeploymentPostprocessing = 0;
			shellPath = /bin/sh;
			shellScript = "\"${SRCROOT}/Pods/Target Support Files/Pods-congressTests/Pods-congressTests-frameworks.sh\"\n";
			showEnvVarsInLog = 0;
		};
		5A9586929850E3071F23BEBA /* [CP] Check Pods Manifest.lock */ = {
			isa = PBXShellScriptBuildPhase;
			buildActionMask = 2147483647;
			files = (
			);
			inputPaths = (
			);
			name = "[CP] Check Pods Manifest.lock";
			outputPaths = (
			);
			runOnlyForDeploymentPostprocessing = 0;
			shellPath = /bin/sh;
			shellScript = "diff \"${PODS_ROOT}/../Podfile.lock\" \"${PODS_ROOT}/Manifest.lock\" > /dev/null\nif [[ $? != 0 ]] ; then\n    cat << EOM\nerror: The sandbox is not in sync with the Podfile.lock. Run 'pod install' or update your CocoaPods installation.\nEOM\n    exit 1\nfi\n";
			showEnvVarsInLog = 0;
		};
		5F409B37D6340DEE88AFE78C /* [CP] Copy Pods Resources */ = {
			isa = PBXShellScriptBuildPhase;
			buildActionMask = 2147483647;
			files = (
			);
			inputPaths = (
			);
			name = "[CP] Copy Pods Resources";
			outputPaths = (
			);
			runOnlyForDeploymentPostprocessing = 0;
			shellPath = /bin/sh;
			shellScript = "\"${SRCROOT}/Pods/Target Support Files/Pods-congress/Pods-congress-resources.sh\"\n";
			showEnvVarsInLog = 0;
		};
		7D22496C581C4AEE82391F4C /* [CP] Copy Pods Resources */ = {
			isa = PBXShellScriptBuildPhase;
			buildActionMask = 2147483647;
			files = (
			);
			inputPaths = (
			);
			name = "[CP] Copy Pods Resources";
			outputPaths = (
			);
			runOnlyForDeploymentPostprocessing = 0;
			shellPath = /bin/sh;
			shellScript = "\"${SRCROOT}/Pods/Target Support Files/Pods-congressUITests/Pods-congressUITests-resources.sh\"\n";
			showEnvVarsInLog = 0;
		};
		7F47075CCDEB4BB471E84AD3 /* [CP] Copy Pods Resources */ = {
			isa = PBXShellScriptBuildPhase;
			buildActionMask = 2147483647;
			files = (
			);
			inputPaths = (
			);
			name = "[CP] Copy Pods Resources";
			outputPaths = (
			);
			runOnlyForDeploymentPostprocessing = 0;
			shellPath = /bin/sh;
			shellScript = "\"${SRCROOT}/Pods/Target Support Files/Pods-congressTests/Pods-congressTests-resources.sh\"\n";
			showEnvVarsInLog = 0;
		};
		A73C75B04DB99A97FC4CE2EF /* [CP] Check Pods Manifest.lock */ = {
			isa = PBXShellScriptBuildPhase;
			buildActionMask = 2147483647;
			files = (
			);
			inputPaths = (
			);
			name = "[CP] Check Pods Manifest.lock";
			outputPaths = (
			);
			runOnlyForDeploymentPostprocessing = 0;
			shellPath = /bin/sh;
			shellScript = "diff \"${PODS_ROOT}/../Podfile.lock\" \"${PODS_ROOT}/Manifest.lock\" > /dev/null\nif [[ $? != 0 ]] ; then\n    cat << EOM\nerror: The sandbox is not in sync with the Podfile.lock. Run 'pod install' or update your CocoaPods installation.\nEOM\n    exit 1\nfi\n";
			showEnvVarsInLog = 0;
		};
		F5A7908B5C12EA68C8AD09E4 /* [CP] Embed Pods Frameworks */ = {
			isa = PBXShellScriptBuildPhase;
			buildActionMask = 2147483647;
			files = (
			);
			inputPaths = (
			);
			name = "[CP] Embed Pods Frameworks";
			outputPaths = (
			);
			runOnlyForDeploymentPostprocessing = 0;
			shellPath = /bin/sh;
			shellScript = "\"${SRCROOT}/Pods/Target Support Files/Pods-congress/Pods-congress-frameworks.sh\"\n";
			showEnvVarsInLog = 0;
		};
		FB30FDE546D4868844589FD8 /* [CP] Check Pods Manifest.lock */ = {
			isa = PBXShellScriptBuildPhase;
			buildActionMask = 2147483647;
			files = (
			);
			inputPaths = (
			);
			name = "[CP] Check Pods Manifest.lock";
			outputPaths = (
			);
			runOnlyForDeploymentPostprocessing = 0;
			shellPath = /bin/sh;
			shellScript = "diff \"${PODS_ROOT}/../Podfile.lock\" \"${PODS_ROOT}/Manifest.lock\" > /dev/null\nif [[ $? != 0 ]] ; then\n    cat << EOM\nerror: The sandbox is not in sync with the Podfile.lock. Run 'pod install' or update your CocoaPods installation.\nEOM\n    exit 1\nfi\n";
			showEnvVarsInLog = 0;
		};
/* End PBXShellScriptBuildPhase section */

/* Begin PBXSourcesBuildPhase section */
		14B7597E1DDF972A00F6AA29 /* Sources */ = {
			isa = PBXSourcesBuildPhase;
			buildActionMask = 2147483647;
			files = (
				143943971DEA0DD400451A5A /* CommitteeViewController.m in Sources */,
				143943961DEA0DD400451A5A /* BillViewController.m in Sources */,
				14BC986F1DE99EC40000AEDB /* BaseWidgetController.m in Sources */,
				143943981DEA0DD400451A5A /* FavoriteViewController.m in Sources */,
				14BC98471DE99E650000AEDB /* BaseTableViewCell.m in Sources */,
				14BC98751DE9A4AB0000AEDB /* CategoryModel.m in Sources */,
				143943991DEA0DD400451A5A /* LegislatorDetailViewController.m in Sources */,
				14BC98261DE99ADE0000AEDB /* GetCommittees.m in Sources */,
				14BC98231DE99AC80000AEDB /* GetBillls.m in Sources */,
				14BC98691DE99E7C0000AEDB /* BillTableViewController.m in Sources */,
				1494A60D1DDF9C2500E3282D /* BillModel.m in Sources */,
				14BC98481DE99E650000AEDB /* BillTableViewCell.m in Sources */,
				14BC986A1DE99E7C0000AEDB /* CommitteeTableViewController.m in Sources */,
				14BC98491DE99E650000AEDB /* CommitteeTableViewCell.m in Sources */,
				1494A6311DDF9DE300E3282D /* BaseModel.m in Sources */,
				14BC984A1DE99E650000AEDB /* LeftMenuTableViewCell.m in Sources */,
				14BC98201DE99AB30000AEDB /* GetLegislators.m in Sources */,
				14BC983C1DE99E500000AEDB /* BaseController.m in Sources */,
				1494A60A1DDF9C0400E3282D /* LegislatorModel.m in Sources */,
				14BC98681DE99E7C0000AEDB /* BaseTableViewController.m in Sources */,
				14A6AED41DE7875200EFD8BA /* BaseOperation.m in Sources */,
				1439437E1DEA0DB800451A5A /* CommitteeDetailViewController.m in Sources */,
				1494A6101DDF9C3800E3282D /* CommitteeModel.m in Sources */,
				143943931DEA0DD400451A5A /* BaseViewController.m in Sources */,
				14BC984B1DE99E650000AEDB /* LegislatorTableViewCell.m in Sources */,
				14BC98791DE9B6A20000AEDB /* ImageDownload.m in Sources */,
				14B7598A1DDF972B00F6AA29 /* AppDelegate.m in Sources */,
				14BC986C1DE99E7C0000AEDB /* LegislatorTableViewController.m in Sources */,
				14B759871DDF972B00F6AA29 /* main.m in Sources */,
				143943921DEA0DD400451A5A /* AboutViewController.m in Sources */,
				1439439B1DEA0DD400451A5A /* LegislatorViewController.m in Sources */,
				143943941DEA0DD400451A5A /* BillDetailViewController.m in Sources */,
				14BC986B1DE99E7C0000AEDB /* LeftMenuTableViewController.m in Sources */,
			);
			runOnlyForDeploymentPostprocessing = 0;
		};
		14B759971DDF972B00F6AA29 /* Sources */ = {
			isa = PBXSourcesBuildPhase;
			buildActionMask = 2147483647;
			files = (
				14B759A01DDF972B00F6AA29 /* congressTests.m in Sources */,
			);
			runOnlyForDeploymentPostprocessing = 0;
		};
		14B759A21DDF972B00F6AA29 /* Sources */ = {
			isa = PBXSourcesBuildPhase;
			buildActionMask = 2147483647;
			files = (
				14B759AB1DDF972B00F6AA29 /* congressUITests.m in Sources */,
			);
			runOnlyForDeploymentPostprocessing = 0;
		};
/* End PBXSourcesBuildPhase section */

/* Begin PBXTargetDependency section */
		14B7599D1DDF972B00F6AA29 /* PBXTargetDependency */ = {
			isa = PBXTargetDependency;
			target = 14B759811DDF972A00F6AA29 /* congress */;
			targetProxy = 14B7599C1DDF972B00F6AA29 /* PBXContainerItemProxy */;
		};
		14B759A81DDF972B00F6AA29 /* PBXTargetDependency */ = {
			isa = PBXTargetDependency;
			target = 14B759811DDF972A00F6AA29 /* congress */;
			targetProxy = 14B759A71DDF972B00F6AA29 /* PBXContainerItemProxy */;
		};
/* End PBXTargetDependency section */

/* Begin PBXVariantGroup section */
		14B7598E1DDF972B00F6AA29 /* Main.storyboard */ = {
			isa = PBXVariantGroup;
			children = (
				14B7598F1DDF972B00F6AA29 /* Base */,
			);
			name = Main.storyboard;
			sourceTree = "<group>";
		};
		14B759931DDF972B00F6AA29 /* LaunchScreen.storyboard */ = {
			isa = PBXVariantGroup;
			children = (
				14B759941DDF972B00F6AA29 /* Base */,
			);
			name = LaunchScreen.storyboard;
			sourceTree = "<group>";
		};
/* End PBXVariantGroup section */

/* Begin XCBuildConfiguration section */
		14B759AD1DDF972B00F6AA29 /* Debug */ = {
			isa = XCBuildConfiguration;
			buildSettings = {
				ALWAYS_SEARCH_USER_PATHS = NO;
				CLANG_ANALYZER_NONNULL = YES;
				CLANG_CXX_LANGUAGE_STANDARD = "gnu++0x";
				CLANG_CXX_LIBRARY = "libc++";
				CLANG_ENABLE_MODULES = YES;
				CLANG_ENABLE_OBJC_ARC = YES;
				CLANG_WARN_BOOL_CONVERSION = YES;
				CLANG_WARN_CONSTANT_CONVERSION = YES;
				CLANG_WARN_DIRECT_OBJC_ISA_USAGE = YES_ERROR;
				CLANG_WARN_DOCUMENTATION_COMMENTS = YES;
				CLANG_WARN_EMPTY_BODY = YES;
				CLANG_WARN_ENUM_CONVERSION = YES;
				CLANG_WARN_INFINITE_RECURSION = YES;
				CLANG_WARN_INT_CONVERSION = YES;
				CLANG_WARN_OBJC_ROOT_CLASS = YES_ERROR;
				CLANG_WARN_SUSPICIOUS_MOVES = YES;
				CLANG_WARN_UNREACHABLE_CODE = YES;
				CLANG_WARN__DUPLICATE_METHOD_MATCH = YES;
				"CODE_SIGN_IDENTITY[sdk=iphoneos*]" = "iPhone Developer";
				COPY_PHASE_STRIP = NO;
				DEBUG_INFORMATION_FORMAT = dwarf;
				ENABLE_STRICT_OBJC_MSGSEND = YES;
				ENABLE_TESTABILITY = YES;
				GCC_C_LANGUAGE_STANDARD = gnu99;
				GCC_DYNAMIC_NO_PIC = NO;
				GCC_NO_COMMON_BLOCKS = YES;
				GCC_OPTIMIZATION_LEVEL = 0;
				GCC_PREPROCESSOR_DEFINITIONS = (
					"DEBUG=1",
					"$(inherited)",
				);
				GCC_WARN_64_TO_32_BIT_CONVERSION = YES;
				GCC_WARN_ABOUT_RETURN_TYPE = YES_ERROR;
				GCC_WARN_UNDECLARED_SELECTOR = YES;
				GCC_WARN_UNINITIALIZED_AUTOS = YES_AGGRESSIVE;
				GCC_WARN_UNUSED_FUNCTION = YES;
				GCC_WARN_UNUSED_VARIABLE = YES;
				IPHONEOS_DEPLOYMENT_TARGET = 10.1;
				MTL_ENABLE_DEBUG_INFO = YES;
				ONLY_ACTIVE_ARCH = YES;
				SDKROOT = iphoneos;
				TARGETED_DEVICE_FAMILY = "1,2";
			};
			name = Debug;
		};
		14B759AE1DDF972B00F6AA29 /* Release */ = {
			isa = XCBuildConfiguration;
			buildSettings = {
				ALWAYS_SEARCH_USER_PATHS = NO;
				CLANG_ANALYZER_NONNULL = YES;
				CLANG_CXX_LANGUAGE_STANDARD = "gnu++0x";
				CLANG_CXX_LIBRARY = "libc++";
				CLANG_ENABLE_MODULES = YES;
				CLANG_ENABLE_OBJC_ARC = YES;
				CLANG_WARN_BOOL_CONVERSION = YES;
				CLANG_WARN_CONSTANT_CONVERSION = YES;
				CLANG_WARN_DIRECT_OBJC_ISA_USAGE = YES_ERROR;
				CLANG_WARN_DOCUMENTATION_COMMENTS = YES;
				CLANG_WARN_EMPTY_BODY = YES;
				CLANG_WARN_ENUM_CONVERSION = YES;
				CLANG_WARN_INFINITE_RECURSION = YES;
				CLANG_WARN_INT_CONVERSION = YES;
				CLANG_WARN_OBJC_ROOT_CLASS = YES_ERROR;
				CLANG_WARN_SUSPICIOUS_MOVES = YES;
				CLANG_WARN_UNREACHABLE_CODE = YES;
				CLANG_WARN__DUPLICATE_METHOD_MATCH = YES;
				"CODE_SIGN_IDENTITY[sdk=iphoneos*]" = "iPhone Developer";
				COPY_PHASE_STRIP = NO;
				DEBUG_INFORMATION_FORMAT = "dwarf-with-dsym";
				ENABLE_NS_ASSERTIONS = NO;
				ENABLE_STRICT_OBJC_MSGSEND = YES;
				GCC_C_LANGUAGE_STANDARD = gnu99;
				GCC_NO_COMMON_BLOCKS = YES;
				GCC_WARN_64_TO_32_BIT_CONVERSION = YES;
				GCC_WARN_ABOUT_RETURN_TYPE = YES_ERROR;
				GCC_WARN_UNDECLARED_SELECTOR = YES;
				GCC_WARN_UNINITIALIZED_AUTOS = YES_AGGRESSIVE;
				GCC_WARN_UNUSED_FUNCTION = YES;
				GCC_WARN_UNUSED_VARIABLE = YES;
				IPHONEOS_DEPLOYMENT_TARGET = 10.1;
				MTL_ENABLE_DEBUG_INFO = NO;
				SDKROOT = iphoneos;
				TARGETED_DEVICE_FAMILY = "1,2";
				VALIDATE_PRODUCT = YES;
			};
			name = Release;
		};
		14B759B01DDF972B00F6AA29 /* Debug */ = {
			isa = XCBuildConfiguration;
			baseConfigurationReference = 3C4C0061D564EEE2BEE120E2 /* Pods-congress.debug.xcconfig */;
			buildSettings = {
				ASSETCATALOG_COMPILER_APPICON_NAME = AppIcon;
				DEVELOPMENT_TEAM = 9UBQHSZKU2;
				GCC_PRECOMPILE_PREFIX_HEADER = YES;
				GCC_PREFIX_HEADER = congress/PrefixHeader.pch;
				INFOPLIST_FILE = congress/Info.plist;
				LD_RUNPATH_SEARCH_PATHS = "$(inherited) @executable_path/Frameworks";
				PRODUCT_BUNDLE_IDENTIFIER = com.shipu.congress;
				PRODUCT_NAME = "$(TARGET_NAME)";
				TARGETED_DEVICE_FAMILY = 1;
			};
			name = Debug;
		};
		14B759B11DDF972B00F6AA29 /* Release */ = {
			isa = XCBuildConfiguration;
			baseConfigurationReference = DDCB61B7671D29F9ACCD3E56 /* Pods-congress.release.xcconfig */;
			buildSettings = {
				ASSETCATALOG_COMPILER_APPICON_NAME = AppIcon;
				DEVELOPMENT_TEAM = 9UBQHSZKU2;
				GCC_PRECOMPILE_PREFIX_HEADER = YES;
				GCC_PREFIX_HEADER = congress/PrefixHeader.pch;
				INFOPLIST_FILE = congress/Info.plist;
				LD_RUNPATH_SEARCH_PATHS = "$(inherited) @executable_path/Frameworks";
				PRODUCT_BUNDLE_IDENTIFIER = com.shipu.congress;
				PRODUCT_NAME = "$(TARGET_NAME)";
				TARGETED_DEVICE_FAMILY = 1;
			};
			name = Release;
		};
		14B759B31DDF972B00F6AA29 /* Debug */ = {
			isa = XCBuildConfiguration;
			baseConfigurationReference = F7B74B8B860CB9C5082117C8 /* Pods-congressTests.debug.xcconfig */;
			buildSettings = {
				BUNDLE_LOADER = "$(TEST_HOST)";
				DEVELOPMENT_TEAM = 9UBQHSZKU2;
				INFOPLIST_FILE = congressTests/Info.plist;
				LD_RUNPATH_SEARCH_PATHS = "$(inherited) @executable_path/Frameworks @loader_path/Frameworks";
				PRODUCT_BUNDLE_IDENTIFIER = com.shipu.congressTests;
				PRODUCT_NAME = "$(TARGET_NAME)";
				TEST_HOST = "$(BUILT_PRODUCTS_DIR)/congress.app/congress";
			};
			name = Debug;
		};
		14B759B41DDF972B00F6AA29 /* Release */ = {
			isa = XCBuildConfiguration;
			baseConfigurationReference = 48661CD019ADA27A68EF21A7 /* Pods-congressTests.release.xcconfig */;
			buildSettings = {
				BUNDLE_LOADER = "$(TEST_HOST)";
				DEVELOPMENT_TEAM = 9UBQHSZKU2;
				INFOPLIST_FILE = congressTests/Info.plist;
				LD_RUNPATH_SEARCH_PATHS = "$(inherited) @executable_path/Frameworks @loader_path/Frameworks";
				PRODUCT_BUNDLE_IDENTIFIER = com.shipu.congressTests;
				PRODUCT_NAME = "$(TARGET_NAME)";
				TEST_HOST = "$(BUILT_PRODUCTS_DIR)/congress.app/congress";
			};
			name = Release;
		};
		14B759B61DDF972B00F6AA29 /* Debug */ = {
			isa = XCBuildConfiguration;
			baseConfigurationReference = 22163F3AEF801027886E7207 /* Pods-congressUITests.debug.xcconfig */;
			buildSettings = {
				DEVELOPMENT_TEAM = 9UBQHSZKU2;
				INFOPLIST_FILE = congressUITests/Info.plist;
				LD_RUNPATH_SEARCH_PATHS = "$(inherited) @executable_path/Frameworks @loader_path/Frameworks";
				PRODUCT_BUNDLE_IDENTIFIER = com.shipu.congressUITests;
				PRODUCT_NAME = "$(TARGET_NAME)";
				TEST_TARGET_NAME = congress;
			};
			name = Debug;
		};
		14B759B71DDF972B00F6AA29 /* Release */ = {
			isa = XCBuildConfiguration;
			baseConfigurationReference = E16D952C856280E544CDF262 /* Pods-congressUITests.release.xcconfig */;
			buildSettings = {
				DEVELOPMENT_TEAM = 9UBQHSZKU2;
				INFOPLIST_FILE = congressUITests/Info.plist;
				LD_RUNPATH_SEARCH_PATHS = "$(inherited) @executable_path/Frameworks @loader_path/Frameworks";
				PRODUCT_BUNDLE_IDENTIFIER = com.shipu.congressUITests;
				PRODUCT_NAME = "$(TARGET_NAME)";
				TEST_TARGET_NAME = congress;
			};
			name = Release;
		};
/* End XCBuildConfiguration section */

/* Begin XCConfigurationList section */
		14B7597D1DDF972A00F6AA29 /* Build configuration list for PBXProject "congress" */ = {
			isa = XCConfigurationList;
			buildConfigurations = (
				14B759AD1DDF972B00F6AA29 /* Debug */,
				14B759AE1DDF972B00F6AA29 /* Release */,
			);
			defaultConfigurationIsVisible = 0;
			defaultConfigurationName = Release;
		};
		14B759AF1DDF972B00F6AA29 /* Build configuration list for PBXNativeTarget "congress" */ = {
			isa = XCConfigurationList;
			buildConfigurations = (
				14B759B01DDF972B00F6AA29 /* Debug */,
				14B759B11DDF972B00F6AA29 /* Release */,
			);
			defaultConfigurationIsVisible = 0;
			defaultConfigurationName = Release;
		};
		14B759B21DDF972B00F6AA29 /* Build configuration list for PBXNativeTarget "congressTests" */ = {
			isa = XCConfigurationList;
			buildConfigurations = (
				14B759B31DDF972B00F6AA29 /* Debug */,
				14B759B41DDF972B00F6AA29 /* Release */,
			);
			defaultConfigurationIsVisible = 0;
			defaultConfigurationName = Release;
		};
		14B759B51DDF972B00F6AA29 /* Build configuration list for PBXNativeTarget "congressUITests" */ = {
			isa = XCConfigurationList;
			buildConfigurations = (
				14B759B61DDF972B00F6AA29 /* Debug */,
				14B759B71DDF972B00F6AA29 /* Release */,
			);
			defaultConfigurationIsVisible = 0;
			defaultConfigurationName = Release;
		};
/* End XCConfigurationList section */
	};
	rootObject = 14B7597A1DDF972A00F6AA29 /* Project object */;
}
